// !$*UTF8*$!
{
	archiveVersion = 1;
	classes = {
	};
	objectVersion = 46;
	objects = {

/* Begin PBXBuildFile section */
		8379D7371EFBAD880086C8C6 /* main.m in Sources */ = {isa = PBXBuildFile; fileRef = 8379D7361EFBAD880086C8C6 /* main.m */; };
		8379D73A1EFBAD880086C8C6 /* AppDelegate.m in Sources */ = {isa = PBXBuildFile; fileRef = 8379D7391EFBAD880086C8C6 /* AppDelegate.m */; };
		8379D73D1EFBAD880086C8C6 /* ViewController.m in Sources */ = {isa = PBXBuildFile; fileRef = 8379D73C1EFBAD880086C8C6 /* ViewController.m */; };
		8379D7401EFBAD880086C8C6 /* Main.storyboard in Resources */ = {isa = PBXBuildFile; fileRef = 8379D73E1EFBAD880086C8C6 /* Main.storyboard */; };
		8379D7421EFBAD880086C8C6 /* Assets.xcassets in Resources */ = {isa = PBXBuildFile; fileRef = 8379D7411EFBAD880086C8C6 /* Assets.xcassets */; };
		8379D7451EFBAD880086C8C6 /* LaunchScreen.storyboard in Resources */ = {isa = PBXBuildFile; fileRef = 8379D7431EFBAD880086C8C6 /* LaunchScreen.storyboard */; };
		8379D7501EFBAD880086C8C6 /* SceneKit_09Tests.m in Sources */ = {isa = PBXBuildFile; fileRef = 8379D74F1EFBAD880086C8C6 /* SceneKit_09Tests.m */; };
		8379D75B1EFBAD880086C8C6 /* SceneKit_09UITests.m in Sources */ = {isa = PBXBuildFile; fileRef = 8379D75A1EFBAD880086C8C6 /* SceneKit_09UITests.m */; };
/* End PBXBuildFile section */

/* Begin PBXContainerItemProxy section */
		8379D74C1EFBAD880086C8C6 /* PBXContainerItemProxy */ = {
			isa = PBXContainerItemProxy;
			containerPortal = 8379D72A1EFBAD880086C8C6 /* Project object */;
			proxyType = 1;
			remoteGlobalIDString = 8379D7311EFBAD880086C8C6;
			remoteInfo = "SceneKit-09";
		};
		8379D7571EFBAD880086C8C6 /* PBXContainerItemProxy */ = {
			isa = PBXContainerItemProxy;
			containerPortal = 8379D72A1EFBAD880086C8C6 /* Project object */;
			proxyType = 1;
			remoteGlobalIDString = 8379D7311EFBAD880086C8C6;
			remoteInfo = "SceneKit-09";
		};
/* End PBXContainerItemProxy section */

/* Begin PBXFileReference section */
		8379D7321EFBAD880086C8C6 /* SceneKit-09.app */ = {isa = PBXFileReference; explicitFileType = wrapper.application; includeInIndex = 0; path = "SceneKit-09.app"; sourceTree = BUILT_PRODUCTS_DIR; };
		8379D7361EFBAD880086C8C6 /* main.m */ = {isa = PBXFileReference; lastKnownFileType = sourcecode.c.objc; path = main.m; sourceTree = "<group>"; };
		8379D7381EFBAD880086C8C6 /* AppDelegate.h */ = {isa = PBXFileReference; lastKnownFileType = sourcecode.c.h; path = AppDelegate.h; sourceTree = "<group>"; };
		8379D7391EFBAD880086C8C6 /* AppDelegate.m */ = {isa = PBXFileReference; lastKnownFileType = sourcecode.c.objc; path = AppDelegate.m; sourceTree = "<group>"; };
		8379D73B1EFBAD880086C8C6 /* ViewController.h */ = {isa = PBXFileReference; lastKnownFileType = sourcecode.c.h; path = ViewController.h; sourceTree = "<group>"; };
		8379D73C1EFBAD880086C8C6 /* ViewController.m */ = {isa = PBXFileReference; lastKnownFileType = sourcecode.c.objc; path = ViewController.m; sourceTree = "<group>"; };
		8379D73F1EFBAD880086C8C6 /* Base */ = {isa = PBXFileReference; lastKnownFileType = file.storyboard; name = Base; path = Base.lproj/Main.storyboard; sourceTree = "<group>"; };
		8379D7411EFBAD880086C8C6 /* Assets.xcassets */ = {isa = PBXFileReference; lastKnownFileType = folder.assetcatalog; path = Assets.xcassets; sourceTree = "<group>"; };
		8379D7441EFBAD880086C8C6 /* Base */ = {isa = PBXFileReference; lastKnownFileType = file.storyboard; name = Base; path = Base.lproj/LaunchScreen.storyboard; sourceTree = "<group>"; };
		8379D7461EFBAD880086C8C6 /* Info.plist */ = {isa = PBXFileReference; lastKnownFileType = text.plist.xml; path = Info.plist; sourceTree = "<group>"; };
		8379D74B1EFBAD880086C8C6 /* SceneKit-09Tests.xctest */ = {isa = PBXFileReference; explicitFileType = wrapper.cfbundle; includeInIndex = 0; path = "SceneKit-09Tests.xctest"; sourceTree = BUILT_PRODUCTS_DIR; };
		8379D74F1EFBAD880086C8C6 /* SceneKit_09Tests.m */ = {isa = PBXFileReference; lastKnownFileType = sourcecode.c.objc; path = SceneKit_09Tests.m; sourceTree = "<group>"; };
		8379D7511EFBAD880086C8C6 /* Info.plist */ = {isa = PBXFileReference; lastKnownFileType = text.plist.xml; path = Info.plist; sourceTree = "<group>"; };
		8379D7561EFBAD880086C8C6 /* SceneKit-09UITests.xctest */ = {isa = PBXFileReference; explicitFileType = wrapper.cfbundle; includeInIndex = 0; path = "SceneKit-09UITests.xctest"; sourceTree = BUILT_PRODUCTS_DIR; };
		8379D75A1EFBAD880086C8C6 /* SceneKit_09UITests.m */ = {isa = PBXFileReference; lastKnownFileType = sourcecode.c.objc; path = SceneKit_09UITests.m; sourceTree = "<group>"; };
		8379D75C1EFBAD880086C8C6 /* Info.plist */ = {isa = PBXFileReference; lastKnownFileType = text.plist.xml; path = Info.plist; sourceTree = "<group>"; };
/* End PBXFileReference section */

/* Begin PBXFrameworksBuildPhase section */
		8379D72F1EFBAD880086C8C6 /* Frameworks */ = {
			isa = PBXFrameworksBuildPhase;
			buildActionMask = 2147483647;
			files = (
			);
			runOnlyForDeploymentPostprocessing = 0;
		};
		8379D7481EFBAD880086C8C6 /* Frameworks */ = {
			isa = PBXFrameworksBuildPhase;
			buildActionMask = 2147483647;
			files = (
			);
			runOnlyForDeploymentPostprocessing = 0;
		};
		8379D7531EFBAD880086C8C6 /* Frameworks */ = {
			isa = PBXFrameworksBuildPhase;
			buildActionMask = 2147483647;
			files = (
			);
			runOnlyForDeploymentPostprocessing = 0;
		};
/* End PBXFrameworksBuildPhase section */

/* Begin PBXGroup section */
		8379D7291EFBAD880086C8C6 = {
			isa = PBXGroup;
			children = (
				8379D7341EFBAD880086C8C6 /* SceneKit-09 */,
				8379D74E1EFBAD880086C8C6 /* SceneKit-09Tests */,
				8379D7591EFBAD880086C8C6 /* SceneKit-09UITests */,
				8379D7331EFBAD880086C8C6 /* Products */,
			);
			sourceTree = "<group>";
		};
		8379D7331EFBAD880086C8C6 /* Products */ = {
			isa = PBXGroup;
			children = (
				8379D7321EFBAD880086C8C6 /* SceneKit-09.app */,
				8379D74B1EFBAD880086C8C6 /* SceneKit-09Tests.xctest */,
				8379D7561EFBAD880086C8C6 /* SceneKit-09UITests.xctest */,
			);
			name = Products;
			sourceTree = "<group>";
		};
		8379D7341EFBAD880086C8C6 /* SceneKit-09 */ = {
			isa = PBXGroup;
			children = (
				8379D7381EFBAD880086C8C6 /* AppDelegate.h */,
				8379D7391EFBAD880086C8C6 /* AppDelegate.m */,
				8379D73B1EFBAD880086C8C6 /* ViewController.h */,
				8379D73C1EFBAD880086C8C6 /* ViewController.m */,
				8379D73E1EFBAD880086C8C6 /* Main.storyboard */,
				8379D7411EFBAD880086C8C6 /* Assets.xcassets */,
				8379D7431EFBAD880086C8C6 /* LaunchScreen.storyboard */,
				8379D7461EFBAD880086C8C6 /* Info.plist */,
				8379D7351EFBAD880086C8C6 /* Supporting Files */,
			);
			path = "SceneKit-09";
			sourceTree = "<group>";
		};
		8379D7351EFBAD880086C8C6 /* Supporting Files */ = {
			isa = PBXGroup;
			children = (
				8379D7361EFBAD880086C8C6 /* main.m */,
			);
			name = "Supporting Files";
			sourceTree = "<group>";
		};
		8379D74E1EFBAD880086C8C6 /* SceneKit-09Tests */ = {
			isa = PBXGroup;
			children = (
				8379D74F1EFBAD880086C8C6 /* SceneKit_09Tests.m */,
				8379D7511EFBAD880086C8C6 /* Info.plist */,
			);
			path = "SceneKit-09Tests";
			sourceTree = "<group>";
		};
		8379D7591EFBAD880086C8C6 /* SceneKit-09UITests */ = {
			isa = PBXGroup;
			children = (
				8379D75A1EFBAD880086C8C6 /* SceneKit_09UITests.m */,
				8379D75C1EFBAD880086C8C6 /* Info.plist */,
			);
			path = "SceneKit-09UITests";
			sourceTree = "<group>";
		};
/* End PBXGroup section */

/* Begin PBXNativeTarget section */
		8379D7311EFBAD880086C8C6 /* SceneKit-09 */ = {
			isa = PBXNativeTarget;
			buildConfigurationList = 8379D75F1EFBAD880086C8C6 /* Build configuration list for PBXNativeTarget "SceneKit-09" */;
			buildPhases = (
				8379D72E1EFBAD880086C8C6 /* Sources */,
				8379D72F1EFBAD880086C8C6 /* Frameworks */,
				8379D7301EFBAD880086C8C6 /* Resources */,
			);
			buildRules = (
			);
			dependencies = (
			);
			name = "SceneKit-09";
			productName = "SceneKit-09";
			productReference = 8379D7321EFBAD880086C8C6 /* SceneKit-09.app */;
			productType = "com.apple.product-type.application";
		};
		8379D74A1EFBAD880086C8C6 /* SceneKit-09Tests */ = {
			isa = PBXNativeTarget;
			buildConfigurationList = 8379D7621EFBAD880086C8C6 /* Build configuration list for PBXNativeTarget "SceneKit-09Tests" */;
			buildPhases = (
				8379D7471EFBAD880086C8C6 /* Sources */,
				8379D7481EFBAD880086C8C6 /* Frameworks */,
				8379D7491EFBAD880086C8C6 /* Resources */,
			);
			buildRules = (
			);
			dependencies = (
				8379D74D1EFBAD880086C8C6 /* PBXTargetDependency */,
			);
			name = "SceneKit-09Tests";
			productName = "SceneKit-09Tests";
			productReference = 8379D74B1EFBAD880086C8C6 /* SceneKit-09Tests.xctest */;
			productType = "com.apple.product-type.bundle.unit-test";
		};
		8379D7551EFBAD880086C8C6 /* SceneKit-09UITests */ = {
			isa = PBXNativeTarget;
			buildConfigurationList = 8379D7651EFBAD880086C8C6 /* Build configuration list for PBXNativeTarget "SceneKit-09UITests" */;
			buildPhases = (
				8379D7521EFBAD880086C8C6 /* Sources */,
				8379D7531EFBAD880086C8C6 /* Frameworks */,
				8379D7541EFBAD880086C8C6 /* Resources */,
			);
			buildRules = (
			);
			dependencies = (
				8379D7581EFBAD880086C8C6 /* PBXTargetDependency */,
			);
			name = "SceneKit-09UITests";
			productName = "SceneKit-09UITests";
			productReference = 8379D7561EFBAD880086C8C6 /* SceneKit-09UITests.xctest */;
			productType = "com.apple.product-type.bundle.ui-testing";
		};
/* End PBXNativeTarget section */

/* Begin PBXProject section */
		8379D72A1EFBAD880086C8C6 /* Project object */ = {
			isa = PBXProject;
			attributes = {
				LastUpgradeCheck = 0830;
				ORGANIZATIONNAME = ShiWen;
				TargetAttributes = {
					8379D7311EFBAD880086C8C6 = {
						CreatedOnToolsVersion = 8.3.3;
						ProvisioningStyle = Automatic;
					};
					8379D74A1EFBAD880086C8C6 = {
						CreatedOnToolsVersion = 8.3.3;
						ProvisioningStyle = Automatic;
						TestTargetID = 8379D7311EFBAD880086C8C6;
					};
					8379D7551EFBAD880086C8C6 = {
						CreatedOnToolsVersion = 8.3.3;
						ProvisioningStyle = Automatic;
						TestTargetID = 8379D7311EFBAD880086C8C6;
					};
				};
			};
			buildConfigurationList = 8379D72D1EFBAD880086C8C6 /* Build configuration list for PBXProject "SceneKit-09" */;
			compatibilityVersion = "Xcode 3.2";
			developmentRegion = English;
			hasScannedForEncodings = 0;
			knownRegions = (
				en,
				Base,
			);
			mainGroup = 8379D7291EFBAD880086C8C6;
			productRefGroup = 8379D7331EFBAD880086C8C6 /* Products */;
			projectDirPath = "";
			projectRoot = "";
			targets = (
				8379D7311EFBAD880086C8C6 /* SceneKit-09 */,
				8379D74A1EFBAD880086C8C6 /* SceneKit-09Tests */,
				8379D7551EFBAD880086C8C6 /* SceneKit-09UITests */,
			);
		};
/* End PBXProject section */

/* Begin PBXResourcesBuildPhase section */
		8379D7301EFBAD880086C8C6 /* Resources */ = {
			isa = PBXResourcesBuildPhase;
			buildActionMask = 2147483647;
			files = (
				8379D7451EFBAD880086C8C6 /* LaunchScreen.storyboard in Resources */,
				8379D7421EFBAD880086C8C6 /* Assets.xcassets in Resources */,
				8379D7401EFBAD880086C8C6 /* Main.storyboard in Resources */,
			);
			runOnlyForDeploymentPostprocessing = 0;
		};
		8379D7491EFBAD880086C8C6 /* Resources */ = {
			isa = PBXResourcesBuildPhase;
			buildActionMask = 2147483647;
			files = (
			);
			runOnlyForDeploymentPostprocessing = 0;
		};
		8379D7541EFBAD880086C8C6 /* Resources */ = {
			isa = PBXResourcesBuildPhase;
			buildActionMask = 2147483647;
			files = (
			);
			runOnlyForDeploymentPostprocessing = 0;
		};
/* End PBXResourcesBuildPhase section */

/* Begin PBXSourcesBuildPhase section */
		8379D72E1EFBAD880086C8C6 /* Sources */ = {
			isa = PBXSourcesBuildPhase;
			buildActionMask = 2147483647;
			files = (
				8379D73D1EFBAD880086C8C6 /* ViewController.m in Sources */,
				8379D73A1EFBAD880086C8C6 /* AppDelegate.m in Sources */,
				8379D7371EFBAD880086C8C6 /* main.m in Sources */,
			);
			runOnlyForDeploymentPostprocessing = 0;
		};
		8379D7471EFBAD880086C8C6 /* Sources */ = {
			isa = PBXSourcesBuildPhase;
			buildActionMask = 2147483647;
			files = (
				8379D7501EFBAD880086C8C6 /* SceneKit_09Tests.m in Sources */,
			);
			runOnlyForDeploymentPostprocessing = 0;
		};
		8379D7521EFBAD880086C8C6 /* Sources */ = {
			isa = PBXSourcesBuildPhase;
			buildActionMask = 2147483647;
			files = (
				8379D75B1EFBAD880086C8C6 /* SceneKit_09UITests.m in Sources */,
			);
			runOnlyForDeploymentPostprocessing = 0;
		};
/* End PBXSourcesBuildPhase section */

/* Begin PBXTargetDependency section */
		8379D74D1EFBAD880086C8C6 /* PBXTargetDependency */ = {
			isa = PBXTargetDependency;
			target = 8379D7311EFBAD880086C8C6 /* SceneKit-09 */;
			targetProxy = 8379D74C1EFBAD880086C8C6 /* PBXContainerItemProxy */;
		};
		8379D7581EFBAD880086C8C6 /* PBXTargetDependency */ = {
			isa = PBXTargetDependency;
			target = 8379D7311EFBAD880086C8C6 /* SceneKit-09 */;
			targetProxy = 8379D7571EFBAD880086C8C6 /* PBXContainerItemProxy */;
		};
/* End PBXTargetDependency section */

/* Begin PBXVariantGroup section */
		8379D73E1EFBAD880086C8C6 /* Main.storyboard */ = {
			isa = PBXVariantGroup;
			children = (
				8379D73F1EFBAD880086C8C6 /* Base */,
			);
			name = Main.storyboard;
			sourceTree = "<group>";
		};
		8379D7431EFBAD880086C8C6 /* LaunchScreen.storyboard */ = {
			isa = PBXVariantGroup;
			children = (
				8379D7441EFBAD880086C8C6 /* Base */,
			);
			name = LaunchScreen.storyboard;
			sourceTree = "<group>";
		};
/* End PBXVariantGroup section */

/* Begin XCBuildConfiguration section */
		8379D75D1EFBAD880086C8C6 /* Debug */ = {
			isa = XCBuildConfiguration;
			buildSettings = {
				ALWAYS_SEARCH_USER_PATHS = NO;
				CLANG_ANALYZER_NONNULL = YES;
				CLANG_ANALYZER_NUMBER_OBJECT_CONVERSION = YES_AGGRESSIVE;
				CLANG_CXX_LANGUAGE_STANDARD = "gnu++0x";
				CLANG_CXX_LIBRARY = "libc++";
				CLANG_ENABLE_MODULES = YES;
				CLANG_ENABLE_OBJC_ARC = YES;
				CLANG_WARN_BOOL_CONVERSION = YES;
				CLANG_WARN_CONSTANT_CONVERSION = YES;
				CLANG_WARN_DIRECT_OBJC_ISA_USAGE = YES_ERROR;
				CLANG_WARN_DOCUMENTATION_COMMENTS = YES;
				CLANG_WARN_EMPTY_BODY = YES;
				CLANG_WARN_ENUM_CONVERSION = YES;
				CLANG_WARN_INFINITE_RECURSION = YES;
				CLANG_WARN_INT_CONVERSION = YES;
				CLANG_WARN_OBJC_ROOT_CLASS = YES_ERROR;
				CLANG_WARN_SUSPICIOUS_MOVE = YES;
				CLANG_WARN_UNREACHABLE_CODE = YES;
				CLANG_WARN__DUPLICATE_METHOD_MATCH = YES;
				"CODE_SIGN_IDENTITY[sdk=iphoneos*]" = "iPhone Developer";
				COPY_PHASE_STRIP = NO;
				DEBUG_INFORMATION_FORMAT = dwarf;
				ENABLE_STRICT_OBJC_MSGSEND = YES;
				ENABLE_TESTABILITY = YES;
				GCC_C_LANGUAGE_STANDARD = gnu99;
				GCC_DYNAMIC_NO_PIC = NO;
				GCC_NO_COMMON_BLOCKS = YES;
				GCC_OPTIMIZATION_LEVEL = 0;
				GCC_PREPROCESSOR_DEFINITIONS = (
					"DEBUG=1",
					"$(inherited)",
				);
				GCC_WARN_64_TO_32_BIT_CONVERSION = YES;
				GCC_WARN_ABOUT_RETURN_TYPE = YES_ERROR;
				GCC_WARN_UNDECLARED_SELECTOR = YES;
				GCC_WARN_UNINITIALIZED_AUTOS = YES_AGGRESSIVE;
				GCC_WARN_UNUSED_FUNCTION = YES;
				GCC_WARN_UNUSED_VARIABLE = YES;
				IPHONEOS_DEPLOYMENT_TARGET = 10.3;
				MTL_ENABLE_DEBUG_INFO = YES;
				ONLY_ACTIVE_ARCH = YES;
				SDKROOT = iphoneos;
			};
			name = Debug;
		};
		8379D75E1EFBAD880086C8C6 /* Release */ = {
			isa = XCBuildConfiguration;
			buildSettings = {
				ALWAYS_SEARCH_USER_PATHS = NO;
				CLANG_ANALYZER_NONNULL = YES;
				CLANG_ANALYZER_NUMBER_OBJECT_CONVERSION = YES_AGGRESSIVE;
				CLANG_CXX_LANGUAGE_STANDARD = "gnu++0x";
				CLANG_CXX_LIBRARY = "libc++";
				CLANG_ENABLE_MODULES = YES;
				CLANG_ENABLE_OBJC_ARC = YES;
				CLANG_WARN_BOOL_CONVERSION = YES;
				CLANG_WARN_CONSTANT_CONVERSION = YES;
				CLANG_WARN_DIRECT_OBJC_ISA_USAGE = YES_ERROR;
				CLANG_WARN_DOCUMENTATION_COMMENTS = YES;
				CLANG_WARN_EMPTY_BODY = YES;
				CLANG_WARN_ENUM_CONVERSION = YES;
				CLANG_WARN_INFINITE_RECURSION = YES;
				CLANG_WARN_INT_CONVERSION = YES;
				CLANG_WARN_OBJC_ROOT_CLASS = YES_ERROR;
				CLANG_WARN_SUSPICIOUS_MOVE = YES;
				CLANG_WARN_UNREACHABLE_CODE = YES;
				CLANG_WARN__DUPLICATE_METHOD_MATCH = YES;
				"CODE_SIGN_IDENTITY[sdk=iphoneos*]" = "iPhone Developer";
				COPY_PHASE_STRIP = NO;
				DEBUG_INFORMATION_FORMAT = "dwarf-with-dsym";
				ENABLE_NS_ASSERTIONS = NO;
				ENABLE_STRICT_OBJC_MSGSEND = YES;
				GCC_C_LANGUAGE_STANDARD = gnu99;
				GCC_NO_COMMON_BLOCKS = YES;
				GCC_WARN_64_TO_32_BIT_CONVERSION = YES;
				GCC_WARN_ABOUT_RETURN_TYPE = YES_ERROR;
				GCC_WARN_UNDECLARED_SELECTOR = YES;
				GCC_WARN_UNINITIALIZED_AUTOS = YES_AGGRESSIVE;
				GCC_WARN_UNUSED_FUNCTION = YES;
				GCC_WARN_UNUSED_VARIABLE = YES;
				IPHONEOS_DEPLOYMENT_TARGET = 10.3;
				MTL_ENABLE_DEBUG_INFO = NO;
				SDKROOT = iphoneos;
				VALIDATE_PRODUCT = YES;
			};
			name = Release;
		};
		8379D7601EFBAD880086C8C6 /* Debug */ = {
			isa = XCBuildConfiguration;
			buildSettings = {
				ASSETCATALOG_COMPILER_APPICON_NAME = AppIcon;
				INFOPLIST_FILE = "SceneKit-09/Info.plist";
				LD_RUNPATH_SEARCH_PATHS = "$(inherited) @executable_path/Frameworks";
				PRODUCT_BUNDLE_IDENTIFIER = "com.ShiWenChen.com.SceneKit-09";
				PRODUCT_NAME = "$(TARGET_NAME)";
			};
			name = Debug;
		};
		8379D7611EFBAD880086C8C6 /* Release */ = {
			isa = XCBuildConfiguration;
			buildSettings = {
				ASSETCATALOG_COMPILER_APPICON_NAME = AppIcon;
				INFOPLIST_FILE = "SceneKit-09/Info.plist";
				LD_RUNPATH_SEARCH_PATHS = "$(inherited) @executable_path/Frameworks";
				PRODUCT_BUNDLE_IDENTIFIER = "com.ShiWenChen.com.SceneKit-09";
				PRODUCT_NAME = "$(TARGET_NAME)";
			};
			name = Release;
		};
		8379D7631EFBAD880086C8C6 /* Debug */ = {
			isa = XCBuildConfiguration;
			buildSettings = {
				BUNDLE_LOADER = "$(TEST_HOST)";
				INFOPLIST_FILE = "SceneKit-09Tests/Info.plist";
				LD_RUNPATH_SEARCH_PATHS = "$(inherited) @executable_path/Frameworks @loader_path/Frameworks";
				PRODUCT_BUNDLE_IDENTIFIER = "com.ShiWenChen.com.SceneKit-09Tests";
				PRODUCT_NAME = "$(TARGET_NAME)";
				TEST_HOST = "$(BUILT_PRODUCTS_DIR)/SceneKit-09.app/SceneKit-09";
			};
			name = Debug;
		};
		8379D7641EFBAD880086C8C6 /* Release */ = {
			isa = XCBuildConfiguration;
			buildSettings = {
				BUNDLE_LOADER = "$(TEST_HOST)";
				INFOPLIST_FILE = "SceneKit-09Tests/Info.plist";
				LD_RUNPATH_SEARCH_PATHS = "$(inherited) @executable_path/Frameworks @loader_path/Frameworks";
				PRODUCT_BUNDLE_IDENTIFIER = "com.ShiWenChen.com.SceneKit-09Tests";
				PRODUCT_NAME = "$(TARGET_NAME)";
				TEST_HOST = "$(BUILT_PRODUCTS_DIR)/SceneKit-09.app/SceneKit-09";
			};
			name = Release;
		};
		8379D7661EFBAD880086C8C6 /* Debug */ = {
			isa = XCBuildConfiguration;
			buildSettings = {
				INFOPLIST_FILE = "SceneKit-09UITests/Info.plist";
				LD_RUNPATH_SEARCH_PATHS = "$(inherited) @executable_path/Frameworks @loader_path/Frameworks";
				PRODUCT_BUNDLE_IDENTIFIER = "com.ShiWenChen.com.SceneKit-09UITests";
				PRODUCT_NAME = "$(TARGET_NAME)";
				TEST_TARGET_NAME = "SceneKit-09";
			};
			name = Debug;
		};
		8379D7671EFBAD880086C8C6 /* Release */ = {
			isa = XCBuildConfiguration;
			buildSettings = {
				INFOPLIST_FILE = "SceneKit-09UITests/Info.plist";
				LD_RUNPATH_SEARCH_PATHS = "$(inherited) @executable_path/Frameworks @loader_path/Frameworks";
				PRODUCT_BUNDLE_IDENTIFIER = "com.ShiWenChen.com.SceneKit-09UITests";
				PRODUCT_NAME = "$(TARGET_NAME)";
				TEST_TARGET_NAME = "SceneKit-09";
			};
			name = Release;
		};
/* End XCBuildConfiguration section */

/* Begin XCConfigurationList section */
		8379D72D1EFBAD880086C8C6 /* Build configuration list for PBXProject "SceneKit-09" */ = {
			isa = XCConfigurationList;
			buildConfigurations = (
				8379D75D1EFBAD880086C8C6 /* Debug */,
				8379D75E1EFBAD880086C8C6 /* Release */,
			);
			defaultConfigurationIsVisible = 0;
			defaultConfigurationName = Release;
		};
		8379D75F1EFBAD880086C8C6 /* Build configuration list for PBXNativeTarget "SceneKit-09" */ = {
			isa = XCConfigurationList;
			buildConfigurations = (
				8379D7601EFBAD880086C8C6 /* Debug */,
				8379D7611EFBAD880086C8C6 /* Release */,
			);
			defaultConfigurationIsVisible = 0;
		};
		8379D7621EFBAD880086C8C6 /* Build configuration list for PBXNativeTarget "SceneKit-09Tests" */ = {
			isa = XCConfigurationList;
			buildConfigurations = (
				8379D7631EFBAD880086C8C6 /* Debug */,
				8379D7641EFBAD880086C8C6 /* Release */,
			);
			defaultConfigurationIsVisible = 0;
		};
		8379D7651EFBAD880086C8C6 /* Build configuration list for PBXNativeTarget "SceneKit-09UITests" */ = {
			isa = XCConfigurationList;
			buildConfigurations = (
				8379D7661EFBAD880086C8C6 /* Debug */,
				8379D7671EFBAD880086C8C6 /* Release */,
			);
			defaultConfigurationIsVisible = 0;
		};
/* End XCConfigurationList section */
	};
	rootObject = 8379D72A1EFBAD880086C8C6 /* Project object */;
}
